// !$*UTF8*$!
{
	archiveVersion = 1;
	classes = {
	};
	objectVersion = 51;
	objects = {

/* Begin PBXBuildFile section */
		45C354023AA046526B011EC4 /* Pods_Musgravite.framework in Frameworks */ = {isa = PBXBuildFile; fileRef = E2F0CB80EFFB8B5FC972874A /* Pods_Musgravite.framework */; };
		BD0C7C3722C44D380039DC81 /* VideoTableViewCell.swift in Sources */ = {isa = PBXBuildFile; fileRef = BD0C7C3522C44D380039DC81 /* VideoTableViewCell.swift */; };
		BD0C7C3822C44D380039DC81 /* VideoTableViewCell.xib in Resources */ = {isa = PBXBuildFile; fileRef = BD0C7C3622C44D380039DC81 /* VideoTableViewCell.xib */; };
		BD0C7C3B22C452B10039DC81 /* VideoCollectionViewCell.swift in Sources */ = {isa = PBXBuildFile; fileRef = BD0C7C3922C452B10039DC81 /* VideoCollectionViewCell.swift */; };
		BD0C7C3C22C452B10039DC81 /* VideoCollectionViewCell.xib in Resources */ = {isa = PBXBuildFile; fileRef = BD0C7C3A22C452B10039DC81 /* VideoCollectionViewCell.xib */; };
		BD0C7C3F22C465E10039DC81 /* ResourcesTableViewCell.swift in Sources */ = {isa = PBXBuildFile; fileRef = BD0C7C3D22C465E10039DC81 /* ResourcesTableViewCell.swift */; };
		BD0C7C4022C465E10039DC81 /* ResourcesTableViewCell.xib in Resources */ = {isa = PBXBuildFile; fileRef = BD0C7C3E22C465E10039DC81 /* ResourcesTableViewCell.xib */; };
		BD0C7C4322C470850039DC81 /* ResourcesModifiedTableViewCell.swift in Sources */ = {isa = PBXBuildFile; fileRef = BD0C7C4122C470850039DC81 /* ResourcesModifiedTableViewCell.swift */; };
		BD0C7C4422C470850039DC81 /* ResourcesModifiedTableViewCell.xib in Resources */ = {isa = PBXBuildFile; fileRef = BD0C7C4222C470850039DC81 /* ResourcesModifiedTableViewCell.xib */; };
		BD1B72CC23415ACC00E65713 /* StudentCollectionViewCell.swift in Sources */ = {isa = PBXBuildFile; fileRef = BD1B72CB23415ACC00E65713 /* StudentCollectionViewCell.swift */; };
		BD3AF06A22B9829700FEECE3 /* TopBarSuperview.swift in Sources */ = {isa = PBXBuildFile; fileRef = BD3AF06922B9829700FEECE3 /* TopBarSuperview.swift */; };
		BD3AF06C22B982DC00FEECE3 /* TopBar.xib in Resources */ = {isa = PBXBuildFile; fileRef = BD3AF06B22B982DC00FEECE3 /* TopBar.xib */; };
		BD3AF06F22B991E000FEECE3 /* HomeScreenCollectionViewCell.swift in Sources */ = {isa = PBXBuildFile; fileRef = BD3AF06E22B991E000FEECE3 /* HomeScreenCollectionViewCell.swift */; };
		BD3AF07122B9A27C00FEECE3 /* MenuItem.swift in Sources */ = {isa = PBXBuildFile; fileRef = BD3AF07022B9A27C00FEECE3 /* MenuItem.swift */; };
		BD3AF07322B9B20B00FEECE3 /* ProjectMenuViewController.swift in Sources */ = {isa = PBXBuildFile; fileRef = BD3AF07222B9B20B00FEECE3 /* ProjectMenuViewController.swift */; };
		BD3AF07522B9B21600FEECE3 /* ProjectMenuVM.swift in Sources */ = {isa = PBXBuildFile; fileRef = BD3AF07422B9B21600FEECE3 /* ProjectMenuVM.swift */; };
		BD4135A322BB1708005AF816 /* ProjectStatsTableViewCell.swift in Sources */ = {isa = PBXBuildFile; fileRef = BD4135A122BB1708005AF816 /* ProjectStatsTableViewCell.swift */; };
		BD4135A422BB1708005AF816 /* ProjectStatsTableViewCell.xib in Resources */ = {isa = PBXBuildFile; fileRef = BD4135A222BB1708005AF816 /* ProjectStatsTableViewCell.xib */; };
		BD4135A722BB1DC0005AF816 /* ProjectStatsCollectionViewCell.swift in Sources */ = {isa = PBXBuildFile; fileRef = BD4135A522BB1DC0005AF816 /* ProjectStatsCollectionViewCell.swift */; };
		BD4135A822BB1DC0005AF816 /* ProjectStatsCollectionViewCell.xib in Resources */ = {isa = PBXBuildFile; fileRef = BD4135A622BB1DC0005AF816 /* ProjectStatsCollectionViewCell.xib */; };
		BD4135AB22BB308B005AF816 /* ProjectMenuTableViewCell.swift in Sources */ = {isa = PBXBuildFile; fileRef = BD4135A922BB308B005AF816 /* ProjectMenuTableViewCell.swift */; };
		BD4135AC22BB308B005AF816 /* ProjectMenuTableViewCell.xib in Resources */ = {isa = PBXBuildFile; fileRef = BD4135AA22BB308B005AF816 /* ProjectMenuTableViewCell.xib */; };
		BD46D6C422C516E200288FA4 /* Art.scnassets in Resources */ = {isa = PBXBuildFile; fileRef = BD46D6C322C516E200288FA4 /* Art.scnassets */; };
		BD46D6C622C5183E00288FA4 /* Image360ViewController.swift in Sources */ = {isa = PBXBuildFile; fileRef = BD46D6C522C5183E00288FA4 /* Image360ViewController.swift */; };
		BD46D6C822C5198300288FA4 /* Resnet50.mlmodel in Sources */ = {isa = PBXBuildFile; fileRef = BD46D6C722C5198300288FA4 /* Resnet50.mlmodel */; };
		BD46D6CA22C52D6600288FA4 /* ARVideoViewController.swift in Sources */ = {isa = PBXBuildFile; fileRef = BD46D6C922C52D6600288FA4 /* ARVideoViewController.swift */; };
		BD56824322B715E200263E46 /* AppDelegate.swift in Sources */ = {isa = PBXBuildFile; fileRef = BD56824222B715E200263E46 /* AppDelegate.swift */; };
		BD56824522B715E200263E46 /* ViewController.swift in Sources */ = {isa = PBXBuildFile; fileRef = BD56824422B715E200263E46 /* ViewController.swift */; };
		BD56824822B715E200263E46 /* Main.storyboard in Resources */ = {isa = PBXBuildFile; fileRef = BD56824622B715E200263E46 /* Main.storyboard */; };
		BD56824B22B715E200263E46 /* Musgravite.xcdatamodeld in Sources */ = {isa = PBXBuildFile; fileRef = BD56824922B715E200263E46 /* Musgravite.xcdatamodeld */; };
		BD56824D22B715E300263E46 /* Assets.xcassets in Resources */ = {isa = PBXBuildFile; fileRef = BD56824C22B715E300263E46 /* Assets.xcassets */; };
		BD56825022B715E300263E46 /* LaunchScreen.storyboard in Resources */ = {isa = PBXBuildFile; fileRef = BD56824E22B715E300263E46 /* LaunchScreen.storyboard */; };
		BD809FA2231C8147002FC6FC /* Estudiante.swift in Sources */ = {isa = PBXBuildFile; fileRef = BD809FA1231C8147002FC6FC /* Estudiante.swift */; };
		BD809FA4231C822B002FC6FC /* Tarea.swift in Sources */ = {isa = PBXBuildFile; fileRef = BD809FA3231C822B002FC6FC /* Tarea.swift */; };
		BD8D890122B83AC100A8EC23 /* GoogleService-Info.plist in Resources */ = {isa = PBXBuildFile; fileRef = BD8D890022B83AC100A8EC23 /* GoogleService-Info.plist */; };
		BD8D890422B8498300A8EC23 /* Extensions.swift in Sources */ = {isa = PBXBuildFile; fileRef = BD8D890322B8498300A8EC23 /* Extensions.swift */; };
		BD8D890C22B85BB700A8EC23 /* TextFieldBulletinBoard.swift in Sources */ = {isa = PBXBuildFile; fileRef = BD8D890B22B85BB700A8EC23 /* TextFieldBulletinBoard.swift */; };
		BD8D890E22B8742300A8EC23 /* HomepageVM.swift in Sources */ = {isa = PBXBuildFile; fileRef = BD8D890D22B8742300A8EC23 /* HomepageVM.swift */; };
		BD8D891022B8836100A8EC23 /* PasswordFieldBulletinPage.swift in Sources */ = {isa = PBXBuildFile; fileRef = BD8D890F22B8836100A8EC23 /* PasswordFieldBulletinPage.swift */; };
		BD8D891222B8915000A8EC23 /* FirebaseController.swift in Sources */ = {isa = PBXBuildFile; fileRef = BD8D891122B8915000A8EC23 /* FirebaseController.swift */; };
		BD94603D230E3EE700119F5A /* CoursesViewController.swift in Sources */ = {isa = PBXBuildFile; fileRef = BD94603C230E3EE700119F5A /* CoursesViewController.swift */; };
		BD94603F230E484B00119F5A /* GroupViewController.swift in Sources */ = {isa = PBXBuildFile; fileRef = BD94603E230E484B00119F5A /* GroupViewController.swift */; };
		BDA36F65230EE9ED00A2164A /* TaskViewController.swift in Sources */ = {isa = PBXBuildFile; fileRef = BDA36F64230EE9ED00A2164A /* TaskViewController.swift */; };
		BDA36F67230EEA0600A2164A /* TeamCreatorViewController.swift in Sources */ = {isa = PBXBuildFile; fileRef = BDA36F66230EEA0600A2164A /* TeamCreatorViewController.swift */; };
		BDA571A722C1A8BA00D52E8F /* SchoolSearchViewController.swift in Sources */ = {isa = PBXBuildFile; fileRef = BDA571A622C1A8BA00D52E8F /* SchoolSearchViewController.swift */; };
		BDA571A922C1A8CA00D52E8F /* SchoolSearchVM.swift in Sources */ = {isa = PBXBuildFile; fileRef = BDA571A822C1A8CA00D52E8F /* SchoolSearchVM.swift */; };
		BDA571BD22C1C06900D52E8F /* RoomsTableViewCell.swift in Sources */ = {isa = PBXBuildFile; fileRef = BDA571BC22C1C06900D52E8F /* RoomsTableViewCell.swift */; };
		BDA571BF22C1C0B400D52E8F /* FloorsCollectionViewCell.swift in Sources */ = {isa = PBXBuildFile; fileRef = BDA571BE22C1C0B400D52E8F /* FloorsCollectionViewCell.swift */; };
		BDB0C70022BC16140043AB8E /* Proyecto.swift in Sources */ = {isa = PBXBuildFile; fileRef = BDB0C6FF22BC16140043AB8E /* Proyecto.swift */; };
		BDC5F6AA22BAD3710063A2E0 /* Salon.swift in Sources */ = {isa = PBXBuildFile; fileRef = BDC5F6A922BAD3710063A2E0 /* Salon.swift */; };
		BDD911B3230EE61800BD7E24 /* TeamViewController.swift in Sources */ = {isa = PBXBuildFile; fileRef = BDD911B2230EE61800BD7E24 /* TeamViewController.swift */; };
		BDDA239022B9CDAF000DDE76 /* Curso.swift in Sources */ = {isa = PBXBuildFile; fileRef = BDDA238F22B9CDAF000DDE76 /* Curso.swift */; };
		BDDA239322B9DFAC000DDE76 /* Grupo.swift in Sources */ = {isa = PBXBuildFile; fileRef = BDDA239222B9DFAC000DDE76 /* Grupo.swift */; };
		BDDA239522B9EA76000DDE76 /* Equipo.swift in Sources */ = {isa = PBXBuildFile; fileRef = BDDA239422B9EA76000DDE76 /* Equipo.swift */; };
		BDF24FB722C2F8BC00896B4E /* LabDetailViewController.swift in Sources */ = {isa = PBXBuildFile; fileRef = BDF24FB622C2F8BC00896B4E /* LabDetailViewController.swift */; };
		BDF24FBA22C2FE2100896B4E /* ContentElement.swift in Sources */ = {isa = PBXBuildFile; fileRef = BDF24FB922C2FE2100896B4E /* ContentElement.swift */; };
		BDF24FBD22C3079900896B4E /* PosterTableViewCell.swift in Sources */ = {isa = PBXBuildFile; fileRef = BDF24FBB22C3079900896B4E /* PosterTableViewCell.swift */; };
		BDF24FBE22C3079900896B4E /* PosterTableViewCell.xib in Resources */ = {isa = PBXBuildFile; fileRef = BDF24FBC22C3079900896B4E /* PosterTableViewCell.xib */; };
		BDF24FC422C3177300896B4E /* ImageCarrouselTableViewCell.swift in Sources */ = {isa = PBXBuildFile; fileRef = BDF24FC222C3177300896B4E /* ImageCarrouselTableViewCell.swift */; };
		BDF24FC522C3177300896B4E /* ImageCarrouselTableViewCell.xib in Resources */ = {isa = PBXBuildFile; fileRef = BDF24FC322C3177300896B4E /* ImageCarrouselTableViewCell.xib */; };
		BDF24FC822C318BC00896B4E /* ImageCollectionViewCell.swift in Sources */ = {isa = PBXBuildFile; fileRef = BDF24FC622C318BC00896B4E /* ImageCollectionViewCell.swift */; };
		BDF24FC922C318BC00896B4E /* ImageCollectionViewCell.xib in Resources */ = {isa = PBXBuildFile; fileRef = BDF24FC722C318BC00896B4E /* ImageCollectionViewCell.xib */; };
		BDF24FCB22C31D9000896B4E /* NetworkActionsController.swift in Sources */ = {isa = PBXBuildFile; fileRef = BDF24FCA22C31D9000896B4E /* NetworkActionsController.swift */; };
/* End PBXBuildFile section */

/* Begin PBXFileReference section */
		BD0C7C3522C44D380039DC81 /* VideoTableViewCell.swift */ = {isa = PBXFileReference; lastKnownFileType = sourcecode.swift; path = VideoTableViewCell.swift; sourceTree = "<group>"; };
		BD0C7C3622C44D380039DC81 /* VideoTableViewCell.xib */ = {isa = PBXFileReference; lastKnownFileType = file.xib; path = VideoTableViewCell.xib; sourceTree = "<group>"; };
		BD0C7C3922C452B10039DC81 /* VideoCollectionViewCell.swift */ = {isa = PBXFileReference; lastKnownFileType = sourcecode.swift; path = VideoCollectionViewCell.swift; sourceTree = "<group>"; };
		BD0C7C3A22C452B10039DC81 /* VideoCollectionViewCell.xib */ = {isa = PBXFileReference; lastKnownFileType = file.xib; path = VideoCollectionViewCell.xib; sourceTree = "<group>"; };
		BD0C7C3D22C465E10039DC81 /* ResourcesTableViewCell.swift */ = {isa = PBXFileReference; lastKnownFileType = sourcecode.swift; path = ResourcesTableViewCell.swift; sourceTree = "<group>"; };
		BD0C7C3E22C465E10039DC81 /* ResourcesTableViewCell.xib */ = {isa = PBXFileReference; lastKnownFileType = file.xib; path = ResourcesTableViewCell.xib; sourceTree = "<group>"; };
		BD0C7C4122C470850039DC81 /* ResourcesModifiedTableViewCell.swift */ = {isa = PBXFileReference; lastKnownFileType = sourcecode.swift; path = ResourcesModifiedTableViewCell.swift; sourceTree = "<group>"; };
		BD0C7C4222C470850039DC81 /* ResourcesModifiedTableViewCell.xib */ = {isa = PBXFileReference; lastKnownFileType = file.xib; path = ResourcesModifiedTableViewCell.xib; sourceTree = "<group>"; };
		BD1B72CB23415ACC00E65713 /* StudentCollectionViewCell.swift */ = {isa = PBXFileReference; lastKnownFileType = sourcecode.swift; path = StudentCollectionViewCell.swift; sourceTree = "<group>"; };
		BD3AF06922B9829700FEECE3 /* TopBarSuperview.swift */ = {isa = PBXFileReference; lastKnownFileType = sourcecode.swift; path = TopBarSuperview.swift; sourceTree = "<group>"; };
		BD3AF06B22B982DC00FEECE3 /* TopBar.xib */ = {isa = PBXFileReference; lastKnownFileType = file.xib; path = TopBar.xib; sourceTree = "<group>"; };
		BD3AF06E22B991E000FEECE3 /* HomeScreenCollectionViewCell.swift */ = {isa = PBXFileReference; lastKnownFileType = sourcecode.swift; path = HomeScreenCollectionViewCell.swift; sourceTree = "<group>"; };
		BD3AF07022B9A27C00FEECE3 /* MenuItem.swift */ = {isa = PBXFileReference; lastKnownFileType = sourcecode.swift; path = MenuItem.swift; sourceTree = "<group>"; };
		BD3AF07222B9B20B00FEECE3 /* ProjectMenuViewController.swift */ = {isa = PBXFileReference; lastKnownFileType = sourcecode.swift; path = ProjectMenuViewController.swift; sourceTree = "<group>"; };
		BD3AF07422B9B21600FEECE3 /* ProjectMenuVM.swift */ = {isa = PBXFileReference; lastKnownFileType = sourcecode.swift; path = ProjectMenuVM.swift; sourceTree = "<group>"; };
		BD4135A122BB1708005AF816 /* ProjectStatsTableViewCell.swift */ = {isa = PBXFileReference; lastKnownFileType = sourcecode.swift; path = ProjectStatsTableViewCell.swift; sourceTree = "<group>"; };
		BD4135A222BB1708005AF816 /* ProjectStatsTableViewCell.xib */ = {isa = PBXFileReference; lastKnownFileType = file.xib; path = ProjectStatsTableViewCell.xib; sourceTree = "<group>"; };
		BD4135A522BB1DC0005AF816 /* ProjectStatsCollectionViewCell.swift */ = {isa = PBXFileReference; lastKnownFileType = sourcecode.swift; path = ProjectStatsCollectionViewCell.swift; sourceTree = "<group>"; };
		BD4135A622BB1DC0005AF816 /* ProjectStatsCollectionViewCell.xib */ = {isa = PBXFileReference; lastKnownFileType = file.xib; path = ProjectStatsCollectionViewCell.xib; sourceTree = "<group>"; };
		BD4135A922BB308B005AF816 /* ProjectMenuTableViewCell.swift */ = {isa = PBXFileReference; lastKnownFileType = sourcecode.swift; path = ProjectMenuTableViewCell.swift; sourceTree = "<group>"; };
		BD4135AA22BB308B005AF816 /* ProjectMenuTableViewCell.xib */ = {isa = PBXFileReference; lastKnownFileType = file.xib; path = ProjectMenuTableViewCell.xib; sourceTree = "<group>"; };
		BD46D6C322C516E200288FA4 /* Art.scnassets */ = {isa = PBXFileReference; lastKnownFileType = wrapper.scnassets; path = Art.scnassets; sourceTree = "<group>"; };
		BD46D6C522C5183E00288FA4 /* Image360ViewController.swift */ = {isa = PBXFileReference; lastKnownFileType = sourcecode.swift; path = Image360ViewController.swift; sourceTree = "<group>"; };
		BD46D6C722C5198300288FA4 /* Resnet50.mlmodel */ = {isa = PBXFileReference; lastKnownFileType = file.mlmodel; path = Resnet50.mlmodel; sourceTree = "<group>"; };
		BD46D6C922C52D6600288FA4 /* ARVideoViewController.swift */ = {isa = PBXFileReference; lastKnownFileType = sourcecode.swift; path = ARVideoViewController.swift; sourceTree = "<group>"; };
		BD56823F22B715E200263E46 /* Musgravite.app */ = {isa = PBXFileReference; explicitFileType = wrapper.application; includeInIndex = 0; path = Musgravite.app; sourceTree = BUILT_PRODUCTS_DIR; };
		BD56824222B715E200263E46 /* AppDelegate.swift */ = {isa = PBXFileReference; lastKnownFileType = sourcecode.swift; path = AppDelegate.swift; sourceTree = "<group>"; };
		BD56824422B715E200263E46 /* ViewController.swift */ = {isa = PBXFileReference; lastKnownFileType = sourcecode.swift; path = ViewController.swift; sourceTree = "<group>"; };
		BD56824722B715E200263E46 /* Base */ = {isa = PBXFileReference; lastKnownFileType = file.storyboard; name = Base; path = Base.lproj/Main.storyboard; sourceTree = "<group>"; };
		BD56824A22B715E200263E46 /* Musgravite.xcdatamodel */ = {isa = PBXFileReference; lastKnownFileType = wrapper.xcdatamodel; path = Musgravite.xcdatamodel; sourceTree = "<group>"; };
		BD56824C22B715E300263E46 /* Assets.xcassets */ = {isa = PBXFileReference; lastKnownFileType = folder.assetcatalog; path = Assets.xcassets; sourceTree = "<group>"; };
		BD56824F22B715E300263E46 /* Base */ = {isa = PBXFileReference; lastKnownFileType = file.storyboard; name = Base; path = Base.lproj/LaunchScreen.storyboard; sourceTree = "<group>"; };
		BD56825122B715E300263E46 /* Info.plist */ = {isa = PBXFileReference; lastKnownFileType = text.plist.xml; path = Info.plist; sourceTree = "<group>"; };
		BD809FA1231C8147002FC6FC /* Estudiante.swift */ = {isa = PBXFileReference; lastKnownFileType = sourcecode.swift; path = Estudiante.swift; sourceTree = "<group>"; };
		BD809FA3231C822B002FC6FC /* Tarea.swift */ = {isa = PBXFileReference; lastKnownFileType = sourcecode.swift; path = Tarea.swift; sourceTree = "<group>"; };
		BD8D890022B83AC100A8EC23 /* GoogleService-Info.plist */ = {isa = PBXFileReference; fileEncoding = 4; lastKnownFileType = text.plist.xml; path = "GoogleService-Info.plist"; sourceTree = "<group>"; };
		BD8D890322B8498300A8EC23 /* Extensions.swift */ = {isa = PBXFileReference; lastKnownFileType = sourcecode.swift; path = Extensions.swift; sourceTree = "<group>"; };
		BD8D890B22B85BB700A8EC23 /* TextFieldBulletinBoard.swift */ = {isa = PBXFileReference; lastKnownFileType = sourcecode.swift; path = TextFieldBulletinBoard.swift; sourceTree = "<group>"; };
		BD8D890D22B8742300A8EC23 /* HomepageVM.swift */ = {isa = PBXFileReference; lastKnownFileType = sourcecode.swift; path = HomepageVM.swift; sourceTree = "<group>"; };
		BD8D890F22B8836100A8EC23 /* PasswordFieldBulletinPage.swift */ = {isa = PBXFileReference; lastKnownFileType = sourcecode.swift; path = PasswordFieldBulletinPage.swift; sourceTree = "<group>"; };
		BD8D891122B8915000A8EC23 /* FirebaseController.swift */ = {isa = PBXFileReference; lastKnownFileType = sourcecode.swift; path = FirebaseController.swift; sourceTree = "<group>"; };
		BD94603C230E3EE700119F5A /* CoursesViewController.swift */ = {isa = PBXFileReference; lastKnownFileType = sourcecode.swift; name = CoursesViewController.swift; path = Musgravite/Controllers/CoursesViewController.swift; sourceTree = SOURCE_ROOT; };
		BD94603E230E484B00119F5A /* GroupViewController.swift */ = {isa = PBXFileReference; lastKnownFileType = sourcecode.swift; path = GroupViewController.swift; sourceTree = "<group>"; };
		BDA36F64230EE9ED00A2164A /* TaskViewController.swift */ = {isa = PBXFileReference; lastKnownFileType = sourcecode.swift; path = TaskViewController.swift; sourceTree = "<group>"; };
		BDA36F66230EEA0600A2164A /* TeamCreatorViewController.swift */ = {isa = PBXFileReference; lastKnownFileType = sourcecode.swift; path = TeamCreatorViewController.swift; sourceTree = "<group>"; };
		BDA571A622C1A8BA00D52E8F /* SchoolSearchViewController.swift */ = {isa = PBXFileReference; lastKnownFileType = sourcecode.swift; path = SchoolSearchViewController.swift; sourceTree = "<group>"; };
		BDA571A822C1A8CA00D52E8F /* SchoolSearchVM.swift */ = {isa = PBXFileReference; lastKnownFileType = sourcecode.swift; path = SchoolSearchVM.swift; sourceTree = "<group>"; };
		BDA571BC22C1C06900D52E8F /* RoomsTableViewCell.swift */ = {isa = PBXFileReference; lastKnownFileType = sourcecode.swift; path = RoomsTableViewCell.swift; sourceTree = "<group>"; };
		BDA571BE22C1C0B400D52E8F /* FloorsCollectionViewCell.swift */ = {isa = PBXFileReference; lastKnownFileType = sourcecode.swift; path = FloorsCollectionViewCell.swift; sourceTree = "<group>"; };
		BDB0C6FF22BC16140043AB8E /* Proyecto.swift */ = {isa = PBXFileReference; lastKnownFileType = sourcecode.swift; path = Proyecto.swift; sourceTree = "<group>"; };
		BDC5F6A922BAD3710063A2E0 /* Salon.swift */ = {isa = PBXFileReference; lastKnownFileType = sourcecode.swift; path = Salon.swift; sourceTree = "<group>"; };
		BDD911B2230EE61800BD7E24 /* TeamViewController.swift */ = {isa = PBXFileReference; lastKnownFileType = sourcecode.swift; path = TeamViewController.swift; sourceTree = "<group>"; };
		BDDA238F22B9CDAF000DDE76 /* Curso.swift */ = {isa = PBXFileReference; lastKnownFileType = sourcecode.swift; path = Curso.swift; sourceTree = "<group>"; };
		BDDA239222B9DFAC000DDE76 /* Grupo.swift */ = {isa = PBXFileReference; lastKnownFileType = sourcecode.swift; path = Grupo.swift; sourceTree = "<group>"; };
		BDDA239422B9EA76000DDE76 /* Equipo.swift */ = {isa = PBXFileReference; lastKnownFileType = sourcecode.swift; path = Equipo.swift; sourceTree = "<group>"; };
		BDF24FB622C2F8BC00896B4E /* LabDetailViewController.swift */ = {isa = PBXFileReference; lastKnownFileType = sourcecode.swift; path = LabDetailViewController.swift; sourceTree = "<group>"; };
		BDF24FB922C2FE2100896B4E /* ContentElement.swift */ = {isa = PBXFileReference; lastKnownFileType = sourcecode.swift; path = ContentElement.swift; sourceTree = "<group>"; };
		BDF24FBB22C3079900896B4E /* PosterTableViewCell.swift */ = {isa = PBXFileReference; lastKnownFileType = sourcecode.swift; path = PosterTableViewCell.swift; sourceTree = "<group>"; };
		BDF24FBC22C3079900896B4E /* PosterTableViewCell.xib */ = {isa = PBXFileReference; lastKnownFileType = file.xib; path = PosterTableViewCell.xib; sourceTree = "<group>"; };
		BDF24FC222C3177300896B4E /* ImageCarrouselTableViewCell.swift */ = {isa = PBXFileReference; lastKnownFileType = sourcecode.swift; path = ImageCarrouselTableViewCell.swift; sourceTree = "<group>"; };
		BDF24FC322C3177300896B4E /* ImageCarrouselTableViewCell.xib */ = {isa = PBXFileReference; lastKnownFileType = file.xib; path = ImageCarrouselTableViewCell.xib; sourceTree = "<group>"; };
		BDF24FC622C318BC00896B4E /* ImageCollectionViewCell.swift */ = {isa = PBXFileReference; lastKnownFileType = sourcecode.swift; path = ImageCollectionViewCell.swift; sourceTree = "<group>"; };
		BDF24FC722C318BC00896B4E /* ImageCollectionViewCell.xib */ = {isa = PBXFileReference; lastKnownFileType = file.xib; path = ImageCollectionViewCell.xib; sourceTree = "<group>"; };
		BDF24FCA22C31D9000896B4E /* NetworkActionsController.swift */ = {isa = PBXFileReference; lastKnownFileType = sourcecode.swift; path = NetworkActionsController.swift; sourceTree = "<group>"; };
		E2F0CB80EFFB8B5FC972874A /* Pods_Musgravite.framework */ = {isa = PBXFileReference; explicitFileType = wrapper.framework; includeInIndex = 0; path = Pods_Musgravite.framework; sourceTree = BUILT_PRODUCTS_DIR; };
		E6FE8E8CC0FCE93244E0C1FC /* Pods-Musgravite.release.xcconfig */ = {isa = PBXFileReference; includeInIndex = 1; lastKnownFileType = text.xcconfig; name = "Pods-Musgravite.release.xcconfig"; path = "Target Support Files/Pods-Musgravite/Pods-Musgravite.release.xcconfig"; sourceTree = "<group>"; };
		FD3628F4507041B1CCD2B9B6 /* Pods-Musgravite.debug.xcconfig */ = {isa = PBXFileReference; includeInIndex = 1; lastKnownFileType = text.xcconfig; name = "Pods-Musgravite.debug.xcconfig"; path = "Target Support Files/Pods-Musgravite/Pods-Musgravite.debug.xcconfig"; sourceTree = "<group>"; };
/* End PBXFileReference section */

/* Begin PBXFrameworksBuildPhase section */
		BD56823C22B715E200263E46 /* Frameworks */ = {
			isa = PBXFrameworksBuildPhase;
			buildActionMask = 2147483647;
			files = (
				45C354023AA046526B011EC4 /* Pods_Musgravite.framework in Frameworks */,
			);
			runOnlyForDeploymentPostprocessing = 0;
		};
/* End PBXFrameworksBuildPhase section */

/* Begin PBXGroup section */
		1421ADC5E71EEADEC57FB50E /* Frameworks */ = {
			isa = PBXGroup;
			children = (
				E2F0CB80EFFB8B5FC972874A /* Pods_Musgravite.framework */,
			);
			name = Frameworks;
			sourceTree = "<group>";
		};
		8D7ED3AE2F92B864854E7379 /* Pods */ = {
			isa = PBXGroup;
			children = (
				FD3628F4507041B1CCD2B9B6 /* Pods-Musgravite.debug.xcconfig */,
				E6FE8E8CC0FCE93244E0C1FC /* Pods-Musgravite.release.xcconfig */,
			);
			path = Pods;
			sourceTree = "<group>";
		};
		BD1B72CA23415AA800E65713 /* Group Menu */ = {
			isa = PBXGroup;
			children = (
				BD1B72CB23415ACC00E65713 /* StudentCollectionViewCell.swift */,
			);
			path = "Group Menu";
			sourceTree = "<group>";
		};
		BD3AF06D22B991B600FEECE3 /* Cells */ = {
			isa = PBXGroup;
			children = (
				BD1B72CA23415AA800E65713 /* Group Menu */,
				BDF24FB822C2FC6300896B4E /* Lab Detail */,
				BDA571AB22C1AAA600D52E8F /* School Search */,
				BDA571AA22C1AA9500D52E8F /* Project Menu */,
			);
			path = Cells;
			sourceTree = "<group>";
		};
		BD56823622B715E200263E46 = {
			isa = PBXGroup;
			children = (
				BD56824122B715E200263E46 /* Musgravite */,
				BD56824022B715E200263E46 /* Products */,
				8D7ED3AE2F92B864854E7379 /* Pods */,
				1421ADC5E71EEADEC57FB50E /* Frameworks */,
			);
			sourceTree = "<group>";
		};
		BD56824022B715E200263E46 /* Products */ = {
			isa = PBXGroup;
			children = (
				BD56823F22B715E200263E46 /* Musgravite.app */,
			);
			name = Products;
			sourceTree = "<group>";
		};
		BD56824122B715E200263E46 /* Musgravite */ = {
			isa = PBXGroup;
			children = (
				BD8D890222B8496800A8EC23 /* Extensions */,
				BD56825822B715FF00263E46 /* Controllers */,
				BD8D88FE22B83AA000A8EC23 /* Models */,
				BD56825B22B7161600263E46 /* Views */,
				BD56825A22B7160F00263E46 /* ViewModels */,
				BD56825922B7160600263E46 /* Resources */,
				BD56825722B715F200263E46 /* AppDelegate */,
				BD56825122B715E300263E46 /* Info.plist */,
				BD8D890022B83AC100A8EC23 /* GoogleService-Info.plist */,
				BD56824922B715E200263E46 /* Musgravite.xcdatamodeld */,
			);
			path = Musgravite;
			sourceTree = "<group>";
		};
		BD56825722B715F200263E46 /* AppDelegate */ = {
			isa = PBXGroup;
			children = (
				BD56824222B715E200263E46 /* AppDelegate.swift */,
			);
			path = AppDelegate;
			sourceTree = "<group>";
		};
		BD56825822B715FF00263E46 /* Controllers */ = {
			isa = PBXGroup;
			children = (
				BD8D891122B8915000A8EC23 /* FirebaseController.swift */,
				BD56824422B715E200263E46 /* ViewController.swift */,
				BD3AF07222B9B20B00FEECE3 /* ProjectMenuViewController.swift */,
				BDA571A622C1A8BA00D52E8F /* SchoolSearchViewController.swift */,
				BDF24FB622C2F8BC00896B4E /* LabDetailViewController.swift */,
				BDF24FCA22C31D9000896B4E /* NetworkActionsController.swift */,
				BD46D6C522C5183E00288FA4 /* Image360ViewController.swift */,
				BD46D6C922C52D6600288FA4 /* ARVideoViewController.swift */,
				BD94603E230E484B00119F5A /* GroupViewController.swift */,
				BDD911B2230EE61800BD7E24 /* TeamViewController.swift */,
				BDA36F64230EE9ED00A2164A /* TaskViewController.swift */,
				BDA36F66230EEA0600A2164A /* TeamCreatorViewController.swift */,
				BD94603C230E3EE700119F5A /* CoursesViewController.swift */,
			);
			path = Controllers;
			sourceTree = "<group>";
		};
		BD56825922B7160600263E46 /* Resources */ = {
			isa = PBXGroup;
			children = (
				BD56824C22B715E300263E46 /* Assets.xcassets */,
				BD46D6C322C516E200288FA4 /* Art.scnassets */,
			);
			path = Resources;
			sourceTree = "<group>";
		};
		BD56825A22B7160F00263E46 /* ViewModels */ = {
			isa = PBXGroup;
			children = (
				BD8D890D22B8742300A8EC23 /* HomepageVM.swift */,
				BD3AF07422B9B21600FEECE3 /* ProjectMenuVM.swift */,
				BDA571A822C1A8CA00D52E8F /* SchoolSearchVM.swift */,
			);
			path = ViewModels;
			sourceTree = "<group>";
		};
		BD56825B22B7161600263E46 /* Views */ = {
			isa = PBXGroup;
			children = (
				BD3AF06D22B991B600FEECE3 /* Cells */,
				BD8D891322B8B13700A8EC23 /* XIBs */,
				BD56824622B715E200263E46 /* Main.storyboard */,
				BD56824E22B715E300263E46 /* LaunchScreen.storyboard */,
			);
			path = Views;
			sourceTree = "<group>";
		};
		BD8D88FE22B83AA000A8EC23 /* Models */ = {
			isa = PBXGroup;
			children = (
				BD46D6C722C5198300288FA4 /* Resnet50.mlmodel */,
				BD3AF07022B9A27C00FEECE3 /* MenuItem.swift */,
				BDDA238F22B9CDAF000DDE76 /* Curso.swift */,
				BDDA239222B9DFAC000DDE76 /* Grupo.swift */,
				BDDA239422B9EA76000DDE76 /* Equipo.swift */,
				BDC5F6A922BAD3710063A2E0 /* Salon.swift */,
				BDB0C6FF22BC16140043AB8E /* Proyecto.swift */,
				BDF24FB922C2FE2100896B4E /* ContentElement.swift */,
				BD809FA1231C8147002FC6FC /* Estudiante.swift */,
				BD809FA3231C822B002FC6FC /* Tarea.swift */,
			);
			path = Models;
			sourceTree = "<group>";
		};
		BD8D890222B8496800A8EC23 /* Extensions */ = {
			isa = PBXGroup;
			children = (
				BD8D890322B8498300A8EC23 /* Extensions.swift */,
				BD8D890B22B85BB700A8EC23 /* TextFieldBulletinBoard.swift */,
				BD8D890F22B8836100A8EC23 /* PasswordFieldBulletinPage.swift */,
			);
			path = Extensions;
			sourceTree = "<group>";
		};
		BD8D891322B8B13700A8EC23 /* XIBs */ = {
			isa = PBXGroup;
			children = (
				BD3AF06922B9829700FEECE3 /* TopBarSuperview.swift */,
				BD3AF06B22B982DC00FEECE3 /* TopBar.xib */,
			);
			path = XIBs;
			sourceTree = "<group>";
		};
		BDA571AA22C1AA9500D52E8F /* Project Menu */ = {
			isa = PBXGroup;
			children = (
				BD3AF06E22B991E000FEECE3 /* HomeScreenCollectionViewCell.swift */,
				BD4135A122BB1708005AF816 /* ProjectStatsTableViewCell.swift */,
				BD4135A222BB1708005AF816 /* ProjectStatsTableViewCell.xib */,
				BD4135A522BB1DC0005AF816 /* ProjectStatsCollectionViewCell.swift */,
				BD4135A622BB1DC0005AF816 /* ProjectStatsCollectionViewCell.xib */,
				BD4135A922BB308B005AF816 /* ProjectMenuTableViewCell.swift */,
				BD4135AA22BB308B005AF816 /* ProjectMenuTableViewCell.xib */,
			);
			path = "Project Menu";
			sourceTree = "<group>";
		};
		BDA571AB22C1AAA600D52E8F /* School Search */ = {
			isa = PBXGroup;
			children = (
				BDA571BC22C1C06900D52E8F /* RoomsTableViewCell.swift */,
				BDA571BE22C1C0B400D52E8F /* FloorsCollectionViewCell.swift */,
			);
			path = "School Search";
			sourceTree = "<group>";
		};
		BDF24FB822C2FC6300896B4E /* Lab Detail */ = {
			isa = PBXGroup;
			children = (
				BDF24FBB22C3079900896B4E /* PosterTableViewCell.swift */,
				BDF24FBC22C3079900896B4E /* PosterTableViewCell.xib */,
				BDF24FC222C3177300896B4E /* ImageCarrouselTableViewCell.swift */,
				BDF24FC322C3177300896B4E /* ImageCarrouselTableViewCell.xib */,
				BDF24FC622C318BC00896B4E /* ImageCollectionViewCell.swift */,
				BDF24FC722C318BC00896B4E /* ImageCollectionViewCell.xib */,
				BD0C7C3522C44D380039DC81 /* VideoTableViewCell.swift */,
				BD0C7C3622C44D380039DC81 /* VideoTableViewCell.xib */,
				BD0C7C3922C452B10039DC81 /* VideoCollectionViewCell.swift */,
				BD0C7C3A22C452B10039DC81 /* VideoCollectionViewCell.xib */,
				BD0C7C3D22C465E10039DC81 /* ResourcesTableViewCell.swift */,
				BD0C7C3E22C465E10039DC81 /* ResourcesTableViewCell.xib */,
				BD0C7C4122C470850039DC81 /* ResourcesModifiedTableViewCell.swift */,
				BD0C7C4222C470850039DC81 /* ResourcesModifiedTableViewCell.xib */,
			);
			path = "Lab Detail";
			sourceTree = "<group>";
		};
/* End PBXGroup section */

/* Begin PBXNativeTarget section */
		BD56823E22B715E200263E46 /* Musgravite */ = {
			isa = PBXNativeTarget;
			buildConfigurationList = BD56825422B715E300263E46 /* Build configuration list for PBXNativeTarget "Musgravite" */;
			buildPhases = (
				A12F9AFA6579ACF0580508F5 /* [CP] Check Pods Manifest.lock */,
				BD56823B22B715E200263E46 /* Sources */,
				BD56823C22B715E200263E46 /* Frameworks */,
				BD56823D22B715E200263E46 /* Resources */,
				795C7E9D8D34E4AE9B4DEEF3 /* [CP] Embed Pods Frameworks */,
			);
			buildRules = (
			);
			dependencies = (
			);
			name = Musgravite;
			productName = Musgravite;
			productReference = BD56823F22B715E200263E46 /* Musgravite.app */;
			productType = "com.apple.product-type.application";
		};
/* End PBXNativeTarget section */

/* Begin PBXProject section */
		BD56823722B715E200263E46 /* Project object */ = {
			isa = PBXProject;
			attributes = {
				LastSwiftUpdateCheck = 1020;
				LastUpgradeCheck = 1020;
				ORGANIZATIONNAME = "Aabo Technologies";
				TargetAttributes = {
					BD56823E22B715E200263E46 = {
						CreatedOnToolsVersion = 10.2.1;
					};
				};
			};
			buildConfigurationList = BD56823A22B715E200263E46 /* Build configuration list for PBXProject "Musgravite" */;
			compatibilityVersion = "Xcode 9.3";
			developmentRegion = en;
			hasScannedForEncodings = 0;
			knownRegions = (
				en,
				Base,
			);
			mainGroup = BD56823622B715E200263E46;
			productRefGroup = BD56824022B715E200263E46 /* Products */;
			projectDirPath = "";
			projectRoot = "";
			targets = (
				BD56823E22B715E200263E46 /* Musgravite */,
			);
		};
/* End PBXProject section */

/* Begin PBXResourcesBuildPhase section */
		BD56823D22B715E200263E46 /* Resources */ = {
			isa = PBXResourcesBuildPhase;
			buildActionMask = 2147483647;
			files = (
				BDF24FC522C3177300896B4E /* ImageCarrouselTableViewCell.xib in Resources */,
				BD56825022B715E300263E46 /* LaunchScreen.storyboard in Resources */,
				BD8D890122B83AC100A8EC23 /* GoogleService-Info.plist in Resources */,
				BD56824D22B715E300263E46 /* Assets.xcassets in Resources */,
				BD0C7C3C22C452B10039DC81 /* VideoCollectionViewCell.xib in Resources */,
				BD0C7C3822C44D380039DC81 /* VideoTableViewCell.xib in Resources */,
				BD0C7C4022C465E10039DC81 /* ResourcesTableViewCell.xib in Resources */,
				BD3AF06C22B982DC00FEECE3 /* TopBar.xib in Resources */,
				BD4135AC22BB308B005AF816 /* ProjectMenuTableViewCell.xib in Resources */,
				BD56824822B715E200263E46 /* Main.storyboard in Resources */,
				BD46D6C422C516E200288FA4 /* Art.scnassets in Resources */,
				BD0C7C4422C470850039DC81 /* ResourcesModifiedTableViewCell.xib in Resources */,
				BD4135A422BB1708005AF816 /* ProjectStatsTableViewCell.xib in Resources */,
				BD4135A822BB1DC0005AF816 /* ProjectStatsCollectionViewCell.xib in Resources */,
				BDF24FBE22C3079900896B4E /* PosterTableViewCell.xib in Resources */,
				BDF24FC922C318BC00896B4E /* ImageCollectionViewCell.xib in Resources */,
			);
			runOnlyForDeploymentPostprocessing = 0;
		};
/* End PBXResourcesBuildPhase section */

/* Begin PBXShellScriptBuildPhase section */
		795C7E9D8D34E4AE9B4DEEF3 /* [CP] Embed Pods Frameworks */ = {
			isa = PBXShellScriptBuildPhase;
			buildActionMask = 2147483647;
			files = (
			);
			inputFileListPaths = (
				"${PODS_ROOT}/Target Support Files/Pods-Musgravite/Pods-Musgravite-frameworks-${CONFIGURATION}-input-files.xcfilelist",
			);
			name = "[CP] Embed Pods Frameworks";
			outputFileListPaths = (
				"${PODS_ROOT}/Target Support Files/Pods-Musgravite/Pods-Musgravite-frameworks-${CONFIGURATION}-output-files.xcfilelist",
			);
			runOnlyForDeploymentPostprocessing = 0;
			shellPath = /bin/sh;
			shellScript = "\"${PODS_ROOT}/Target Support Files/Pods-Musgravite/Pods-Musgravite-frameworks.sh\"\n";
			showEnvVarsInLog = 0;
		};
		A12F9AFA6579ACF0580508F5 /* [CP] Check Pods Manifest.lock */ = {
			isa = PBXShellScriptBuildPhase;
			buildActionMask = 2147483647;
			files = (
			);
			inputFileListPaths = (
			);
			inputPaths = (
				"${PODS_PODFILE_DIR_PATH}/Podfile.lock",
				"${PODS_ROOT}/Manifest.lock",
			);
			name = "[CP] Check Pods Manifest.lock";
			outputFileListPaths = (
			);
			outputPaths = (
				"$(DERIVED_FILE_DIR)/Pods-Musgravite-checkManifestLockResult.txt",
			);
			runOnlyForDeploymentPostprocessing = 0;
			shellPath = /bin/sh;
			shellScript = "diff \"${PODS_PODFILE_DIR_PATH}/Podfile.lock\" \"${PODS_ROOT}/Manifest.lock\" > /dev/null\nif [ $? != 0 ] ; then\n    # print error to STDERR\n    echo \"error: The sandbox is not in sync with the Podfile.lock. Run 'pod install' or update your CocoaPods installation.\" >&2\n    exit 1\nfi\n# This output is used by Xcode 'outputs' to avoid re-running this script phase.\necho \"SUCCESS\" > \"${SCRIPT_OUTPUT_FILE_0}\"\n";
			showEnvVarsInLog = 0;
		};
/* End PBXShellScriptBuildPhase section */

/* Begin PBXSourcesBuildPhase section */
		BD56823B22B715E200263E46 /* Sources */ = {
			isa = PBXSourcesBuildPhase;
			buildActionMask = 2147483647;
			files = (
				BD3AF07122B9A27C00FEECE3 /* MenuItem.swift in Sources */,
				BD809FA2231C8147002FC6FC /* Estudiante.swift in Sources */,
				BDA36F67230EEA0600A2164A /* TeamCreatorViewController.swift in Sources */,
				BDA571A722C1A8BA00D52E8F /* SchoolSearchViewController.swift in Sources */,
				BD3AF07322B9B20B00FEECE3 /* ProjectMenuViewController.swift in Sources */,
				BD46D6C622C5183E00288FA4 /* Image360ViewController.swift in Sources */,
				BD8D891222B8915000A8EC23 /* FirebaseController.swift in Sources */,
				BD56824522B715E200263E46 /* ViewController.swift in Sources */,
				BD46D6CA22C52D6600288FA4 /* ARVideoViewController.swift in Sources */,
				BD3AF07522B9B21600FEECE3 /* ProjectMenuVM.swift in Sources */,
				BD8D890C22B85BB700A8EC23 /* TextFieldBulletinBoard.swift in Sources */,
				BDA571A922C1A8CA00D52E8F /* SchoolSearchVM.swift in Sources */,
				BD46D6C822C5198300288FA4 /* Resnet50.mlmodel in Sources */,
				BD56824322B715E200263E46 /* AppDelegate.swift in Sources */,
				BDF24FBD22C3079900896B4E /* PosterTableViewCell.swift in Sources */,
				BD3AF06A22B9829700FEECE3 /* TopBarSuperview.swift in Sources */,
				BDDA239022B9CDAF000DDE76 /* Curso.swift in Sources */,
				BDF24FBA22C2FE2100896B4E /* ContentElement.swift in Sources */,
				BD0C7C3722C44D380039DC81 /* VideoTableViewCell.swift in Sources */,
				BD8D891022B8836100A8EC23 /* PasswordFieldBulletinPage.swift in Sources */,
				BD1B72CC23415ACC00E65713 /* StudentCollectionViewCell.swift in Sources */,
				BDA571BF22C1C0B400D52E8F /* FloorsCollectionViewCell.swift in Sources */,
				BDDA239522B9EA76000DDE76 /* Equipo.swift in Sources */,
				BD56824B22B715E200263E46 /* Musgravite.xcdatamodeld in Sources */,
				BD4135AB22BB308B005AF816 /* ProjectMenuTableViewCell.swift in Sources */,
				BDC5F6AA22BAD3710063A2E0 /* Salon.swift in Sources */,
				BD3AF06F22B991E000FEECE3 /* HomeScreenCollectionViewCell.swift in Sources */,
				BD94603F230E484B00119F5A /* GroupViewController.swift in Sources */,
				BD4135A722BB1DC0005AF816 /* ProjectStatsCollectionViewCell.swift in Sources */,
				BDF24FC822C318BC00896B4E /* ImageCollectionViewCell.swift in Sources */,
				BDF24FC422C3177300896B4E /* ImageCarrouselTableViewCell.swift in Sources */,
				BDF24FCB22C31D9000896B4E /* NetworkActionsController.swift in Sources */,
				BDA36F65230EE9ED00A2164A /* TaskViewController.swift in Sources */,
				BDD911B3230EE61800BD7E24 /* TeamViewController.swift in Sources */,
				BDDA239322B9DFAC000DDE76 /* Grupo.swift in Sources */,
				BD94603D230E3EE700119F5A /* CoursesViewController.swift in Sources */,
				BDB0C70022BC16140043AB8E /* Proyecto.swift in Sources */,
				BDA571BD22C1C06900D52E8F /* RoomsTableViewCell.swift in Sources */,
				BD8D890E22B8742300A8EC23 /* HomepageVM.swift in Sources */,
				BD0C7C4322C470850039DC81 /* ResourcesModifiedTableViewCell.swift in Sources */,
				BD0C7C3B22C452B10039DC81 /* VideoCollectionViewCell.swift in Sources */,
				BD0C7C3F22C465E10039DC81 /* ResourcesTableViewCell.swift in Sources */,
				BD8D890422B8498300A8EC23 /* Extensions.swift in Sources */,
				BD4135A322BB1708005AF816 /* ProjectStatsTableViewCell.swift in Sources */,
				BDF24FB722C2F8BC00896B4E /* LabDetailViewController.swift in Sources */,
				BD809FA4231C822B002FC6FC /* Tarea.swift in Sources */,
			);
			runOnlyForDeploymentPostprocessing = 0;
		};
/* End PBXSourcesBuildPhase section */

/* Begin PBXVariantGroup section */
		BD56824622B715E200263E46 /* Main.storyboard */ = {
			isa = PBXVariantGroup;
			children = (
				BD56824722B715E200263E46 /* Base */,
			);
			name = Main.storyboard;
			sourceTree = "<group>";
		};
		BD56824E22B715E300263E46 /* LaunchScreen.storyboard */ = {
			isa = PBXVariantGroup;
			children = (
				BD56824F22B715E300263E46 /* Base */,
			);
			name = LaunchScreen.storyboard;
			sourceTree = "<group>";
		};
/* End PBXVariantGroup section */

/* Begin XCBuildConfiguration section */
		BD56825222B715E300263E46 /* Debug */ = {
			isa = XCBuildConfiguration;
			buildSettings = {
				ALWAYS_SEARCH_USER_PATHS = NO;
				CLANG_ANALYZER_NONNULL = YES;
				CLANG_ANALYZER_NUMBER_OBJECT_CONVERSION = YES_AGGRESSIVE;
				CLANG_CXX_LANGUAGE_STANDARD = "gnu++14";
				CLANG_CXX_LIBRARY = "libc++";
				CLANG_ENABLE_MODULES = YES;
				CLANG_ENABLE_OBJC_ARC = YES;
				CLANG_ENABLE_OBJC_WEAK = YES;
				CLANG_WARN_BLOCK_CAPTURE_AUTORELEASING = YES;
				CLANG_WARN_BOOL_CONVERSION = YES;
				CLANG_WARN_COMMA = YES;
				CLANG_WARN_CONSTANT_CONVERSION = YES;
				CLANG_WARN_DEPRECATED_OBJC_IMPLEMENTATIONS = YES;
				CLANG_WARN_DIRECT_OBJC_ISA_USAGE = YES_ERROR;
				CLANG_WARN_DOCUMENTATION_COMMENTS = YES;
				CLANG_WARN_EMPTY_BODY = YES;
				CLANG_WARN_ENUM_CONVERSION = YES;
				CLANG_WARN_INFINITE_RECURSION = YES;
				CLANG_WARN_INT_CONVERSION = YES;
				CLANG_WARN_NON_LITERAL_NULL_CONVERSION = YES;
				CLANG_WARN_OBJC_IMPLICIT_RETAIN_SELF = YES;
				CLANG_WARN_OBJC_LITERAL_CONVERSION = YES;
				CLANG_WARN_OBJC_ROOT_CLASS = YES_ERROR;
				CLANG_WARN_RANGE_LOOP_ANALYSIS = YES;
				CLANG_WARN_STRICT_PROTOTYPES = YES;
				CLANG_WARN_SUSPICIOUS_MOVE = YES;
				CLANG_WARN_UNGUARDED_AVAILABILITY = YES_AGGRESSIVE;
				CLANG_WARN_UNREACHABLE_CODE = YES;
				CLANG_WARN__DUPLICATE_METHOD_MATCH = YES;
				CODE_SIGN_IDENTITY = "iPhone Developer";
				COPY_PHASE_STRIP = NO;
				DEBUG_INFORMATION_FORMAT = dwarf;
				ENABLE_STRICT_OBJC_MSGSEND = YES;
				ENABLE_TESTABILITY = YES;
				GCC_C_LANGUAGE_STANDARD = gnu11;
				GCC_DYNAMIC_NO_PIC = NO;
				GCC_NO_COMMON_BLOCKS = YES;
				GCC_OPTIMIZATION_LEVEL = 0;
				GCC_PREPROCESSOR_DEFINITIONS = (
					"DEBUG=1",
					"$(inherited)",
				);
				GCC_WARN_64_TO_32_BIT_CONVERSION = YES;
				GCC_WARN_ABOUT_RETURN_TYPE = YES_ERROR;
				GCC_WARN_UNDECLARED_SELECTOR = YES;
				GCC_WARN_UNINITIALIZED_AUTOS = YES_AGGRESSIVE;
				GCC_WARN_UNUSED_FUNCTION = YES;
				GCC_WARN_UNUSED_VARIABLE = YES;
				IPHONEOS_DEPLOYMENT_TARGET = 12.2;
				MTL_ENABLE_DEBUG_INFO = INCLUDE_SOURCE;
				MTL_FAST_MATH = YES;
				ONLY_ACTIVE_ARCH = YES;
				SDKROOT = iphoneos;
				SWIFT_ACTIVE_COMPILATION_CONDITIONS = DEBUG;
				SWIFT_OPTIMIZATION_LEVEL = "-Onone";
			};
			name = Debug;
		};
		BD56825322B715E300263E46 /* Release */ = {
			isa = XCBuildConfiguration;
			buildSettings = {
				ALWAYS_SEARCH_USER_PATHS = NO;
				CLANG_ANALYZER_NONNULL = YES;
				CLANG_ANALYZER_NUMBER_OBJECT_CONVERSION = YES_AGGRESSIVE;
				CLANG_CXX_LANGUAGE_STANDARD = "gnu++14";
				CLANG_CXX_LIBRARY = "libc++";
				CLANG_ENABLE_MODULES = YES;
				CLANG_ENABLE_OBJC_ARC = YES;
				CLANG_ENABLE_OBJC_WEAK = YES;
				CLANG_WARN_BLOCK_CAPTURE_AUTORELEASING = YES;
				CLANG_WARN_BOOL_CONVERSION = YES;
				CLANG_WARN_COMMA = YES;
				CLANG_WARN_CONSTANT_CONVERSION = YES;
				CLANG_WARN_DEPRECATED_OBJC_IMPLEMENTATIONS = YES;
				CLANG_WARN_DIRECT_OBJC_ISA_USAGE = YES_ERROR;
				CLANG_WARN_DOCUMENTATION_COMMENTS = YES;
				CLANG_WARN_EMPTY_BODY = YES;
				CLANG_WARN_ENUM_CONVERSION = YES;
				CLANG_WARN_INFINITE_RECURSION = YES;
				CLANG_WARN_INT_CONVERSION = YES;
				CLANG_WARN_NON_LITERAL_NULL_CONVERSION = YES;
				CLANG_WARN_OBJC_IMPLICIT_RETAIN_SELF = YES;
				CLANG_WARN_OBJC_LITERAL_CONVERSION = YES;
				CLANG_WARN_OBJC_ROOT_CLASS = YES_ERROR;
				CLANG_WARN_RANGE_LOOP_ANALYSIS = YES;
				CLANG_WARN_STRICT_PROTOTYPES = YES;
				CLANG_WARN_SUSPICIOUS_MOVE = YES;
				CLANG_WARN_UNGUARDED_AVAILABILITY = YES_AGGRESSIVE;
				CLANG_WARN_UNREACHABLE_CODE = YES;
				CLANG_WARN__DUPLICATE_METHOD_MATCH = YES;
				CODE_SIGN_IDENTITY = "iPhone Developer";
				COPY_PHASE_STRIP = NO;
				DEBUG_INFORMATION_FORMAT = "dwarf-with-dsym";
				ENABLE_NS_ASSERTIONS = NO;
				ENABLE_STRICT_OBJC_MSGSEND = YES;
				GCC_C_LANGUAGE_STANDARD = gnu11;
				GCC_NO_COMMON_BLOCKS = YES;
				GCC_WARN_64_TO_32_BIT_CONVERSION = YES;
				GCC_WARN_ABOUT_RETURN_TYPE = YES_ERROR;
				GCC_WARN_UNDECLARED_SELECTOR = YES;
				GCC_WARN_UNINITIALIZED_AUTOS = YES_AGGRESSIVE;
				GCC_WARN_UNUSED_FUNCTION = YES;
				GCC_WARN_UNUSED_VARIABLE = YES;
				IPHONEOS_DEPLOYMENT_TARGET = 12.2;
				MTL_ENABLE_DEBUG_INFO = NO;
				MTL_FAST_MATH = YES;
				SDKROOT = iphoneos;
				SWIFT_COMPILATION_MODE = wholemodule;
				SWIFT_OPTIMIZATION_LEVEL = "-O";
				VALIDATE_PRODUCT = YES;
			};
			name = Release;
		};
		BD56825522B715E300263E46 /* Debug */ = {
			isa = XCBuildConfiguration;
			baseConfigurationReference = FD3628F4507041B1CCD2B9B6 /* Pods-Musgravite.debug.xcconfig */;
			buildSettings = {
				ASSETCATALOG_COMPILER_APPICON_NAME = AppIcon;
				CODE_SIGN_STYLE = Automatic;
				DEVELOPMENT_TEAM = R935X42Z66;
				INFOPLIST_FILE = Musgravite/Info.plist;
				LD_RUNPATH_SEARCH_PATHS = (
					"$(inherited)",
					"@executable_path/Frameworks",
				);
				PRODUCT_BUNDLE_IDENTIFIER = com.aabotech.Musgravite;
				PRODUCT_NAME = "$(TARGET_NAME)";
				SWIFT_VERSION = 5.0;
				TARGETED_DEVICE_FAMILY = 1;
			};
			name = Debug;
		};
		BD56825622B715E300263E46 /* Release */ = {
			isa = XCBuildConfiguration;
			baseConfigurationReference = E6FE8E8CC0FCE93244E0C1FC /* Pods-Musgravite.release.xcconfig */;
			buildSettings = {
				ASSETCATALOG_COMPILER_APPICON_NAME = AppIcon;
				CODE_SIGN_STYLE = Automatic;
				DEVELOPMENT_TEAM = R935X42Z66;
				INFOPLIST_FILE = Musgravite/Info.plist;
				LD_RUNPATH_SEARCH_PATHS = (
					"$(inherited)",
					"@executable_path/Frameworks",
				);
				PRODUCT_BUNDLE_IDENTIFIER = com.aabotech.Musgravite;
				PRODUCT_NAME = "$(TARGET_NAME)";
				SWIFT_VERSION = 5.0;
				TARGETED_DEVICE_FAMILY = 1;
			};
			name = Release;
		};
/* End XCBuildConfiguration section */

/* Begin XCConfigurationList section */
		BD56823A22B715E200263E46 /* Build configuration list for PBXProject "Musgravite" */ = {
			isa = XCConfigurationList;
			buildConfigurations = (
				BD56825222B715E300263E46 /* Debug */,
				BD56825322B715E300263E46 /* Release */,
			);
			defaultConfigurationIsVisible = 0;
			defaultConfigurationName = Release;
		};
		BD56825422B715E300263E46 /* Build configuration list for PBXNativeTarget "Musgravite" */ = {
			isa = XCConfigurationList;
			buildConfigurations = (
				BD56825522B715E300263E46 /* Debug */,
				BD56825622B715E300263E46 /* Release */,
			);
			defaultConfigurationIsVisible = 0;
			defaultConfigurationName = Release;
		};
/* End XCConfigurationList section */

/* Begin XCVersionGroup section */
		BD56824922B715E200263E46 /* Musgravite.xcdatamodeld */ = {
			isa = XCVersionGroup;
			children = (
				BD56824A22B715E200263E46 /* Musgravite.xcdatamodel */,
			);
			currentVersion = BD56824A22B715E200263E46 /* Musgravite.xcdatamodel */;
			path = Musgravite.xcdatamodeld;
			sourceTree = "<group>";
			versionGroupType = wrapper.xcdatamodel;
		};
/* End XCVersionGroup section */
	};
	rootObject = BD56823722B715E200263E46 /* Project object */;
}
